// !$*UTF8*$!
{
	archiveVersion = 1;
	classes = {
	};
	objectVersion = 46;
	objects = {

/* Begin PBXBuildFile section */
		6EA44E0419F1852B0080E202 /* Foundation.framework in Frameworks */ = {isa = PBXBuildFile; fileRef = 6EA44E0319F1852B0080E202 /* Foundation.framework */; };
		6EA44E0619F1852B0080E202 /* CoreGraphics.framework in Frameworks */ = {isa = PBXBuildFile; fileRef = 6EA44E0519F1852B0080E202 /* CoreGraphics.framework */; };
		6EA44E0819F1852B0080E202 /* UIKit.framework in Frameworks */ = {isa = PBXBuildFile; fileRef = 6EA44E0719F1852B0080E202 /* UIKit.framework */; };
		6EA44E0E19F1852B0080E202 /* InfoPlist.strings in Resources */ = {isa = PBXBuildFile; fileRef = 6EA44E0C19F1852B0080E202 /* InfoPlist.strings */; };
		6EA44E1019F1852B0080E202 /* main.m in Sources */ = {isa = PBXBuildFile; fileRef = 6EA44E0F19F1852B0080E202 /* main.m */; };
		6EA44E1419F1852B0080E202 /* AppDelegate.m in Sources */ = {isa = PBXBuildFile; fileRef = 6EA44E1319F1852B0080E202 /* AppDelegate.m */; };
		6EA44E1719F1852B0080E202 /* Main_iPhone.storyboard in Resources */ = {isa = PBXBuildFile; fileRef = 6EA44E1519F1852B0080E202 /* Main_iPhone.storyboard */; };
		6EA44E1A19F1852B0080E202 /* Main_iPad.storyboard in Resources */ = {isa = PBXBuildFile; fileRef = 6EA44E1819F1852B0080E202 /* Main_iPad.storyboard */; };
		6EA44E1D19F1852B0080E202 /* ViewController.m in Sources */ = {isa = PBXBuildFile; fileRef = 6EA44E1C19F1852B0080E202 /* ViewController.m */; };
		6EA44E1F19F1852B0080E202 /* Images.xcassets in Resources */ = {isa = PBXBuildFile; fileRef = 6EA44E1E19F1852B0080E202 /* Images.xcassets */; };
		6EA44E2619F1852B0080E202 /* XCTest.framework in Frameworks */ = {isa = PBXBuildFile; fileRef = 6EA44E2519F1852B0080E202 /* XCTest.framework */; };
		6EA44E2719F1852B0080E202 /* Foundation.framework in Frameworks */ = {isa = PBXBuildFile; fileRef = 6EA44E0319F1852B0080E202 /* Foundation.framework */; };
		6EA44E2819F1852C0080E202 /* UIKit.framework in Frameworks */ = {isa = PBXBuildFile; fileRef = 6EA44E0719F1852B0080E202 /* UIKit.framework */; };
		6EA44E3019F1852C0080E202 /* InfoPlist.strings in Resources */ = {isa = PBXBuildFile; fileRef = 6EA44E2E19F1852C0080E202 /* InfoPlist.strings */; };
		6EA44E3219F1852C0080E202 /* PJAssitiveTouchTests.m in Sources */ = {isa = PBXBuildFile; fileRef = 6EA44E3119F1852C0080E202 /* PJAssitiveTouchTests.m */; };
		6EF7DBD819F2E22E00848330 /* PJAssistiveTouch.m in Sources */ = {isa = PBXBuildFile; fileRef = 6EF7DBD719F2E22E00848330 /* PJAssistiveTouch.m */; };
/* End PBXBuildFile section */

/* Begin PBXContainerItemProxy section */
		6EA44E2919F1852C0080E202 /* PBXContainerItemProxy */ = {
			isa = PBXContainerItemProxy;
			containerPortal = 6EA44DF819F1852B0080E202 /* Project object */;
			proxyType = 1;
			remoteGlobalIDString = 6EA44DFF19F1852B0080E202;
			remoteInfo = PJAssitiveTouch;
		};
/* End PBXContainerItemProxy section */

/* Begin PBXFileReference section */
		6EA44E0019F1852B0080E202 /* PJAssitiveTouch.app */ = {isa = PBXFileReference; explicitFileType = wrapper.application; includeInIndex = 0; path = PJAssitiveTouch.app; sourceTree = BUILT_PRODUCTS_DIR; };
		6EA44E0319F1852B0080E202 /* Foundation.framework */ = {isa = PBXFileReference; lastKnownFileType = wrapper.framework; name = Foundation.framework; path = System/Library/Frameworks/Foundation.framework; sourceTree = SDKROOT; };
		6EA44E0519F1852B0080E202 /* CoreGraphics.framework */ = {isa = PBXFileReference; lastKnownFileType = wrapper.framework; name = CoreGraphics.framework; path = System/Library/Frameworks/CoreGraphics.framework; sourceTree = SDKROOT; };
		6EA44E0719F1852B0080E202 /* UIKit.framework */ = {isa = PBXFileReference; lastKnownFileType = wrapper.framework; name = UIKit.framework; path = System/Library/Frameworks/UIKit.framework; sourceTree = SDKROOT; };
		6EA44E0B19F1852B0080E202 /* PJAssitiveTouch-Info.plist */ = {isa = PBXFileReference; lastKnownFileType = text.plist.xml; path = "PJAssitiveTouch-Info.plist"; sourceTree = "<group>"; };
		6EA44E0D19F1852B0080E202 /* en */ = {isa = PBXFileReference; lastKnownFileType = text.plist.strings; name = en; path = en.lproj/InfoPlist.strings; sourceTree = "<group>"; };
		6EA44E0F19F1852B0080E202 /* main.m */ = {isa = PBXFileReference; lastKnownFileType = sourcecode.c.objc; path = main.m; sourceTree = "<group>"; };
		6EA44E1119F1852B0080E202 /* PJAssitiveTouch-Prefix.pch */ = {isa = PBXFileReference; lastKnownFileType = sourcecode.c.h; path = "PJAssitiveTouch-Prefix.pch"; sourceTree = "<group>"; };
		6EA44E1219F1852B0080E202 /* AppDelegate.h */ = {isa = PBXFileReference; lastKnownFileType = sourcecode.c.h; path = AppDelegate.h; sourceTree = "<group>"; };
		6EA44E1319F1852B0080E202 /* AppDelegate.m */ = {isa = PBXFileReference; lastKnownFileType = sourcecode.c.objc; path = AppDelegate.m; sourceTree = "<group>"; };
		6EA44E1619F1852B0080E202 /* Base */ = {isa = PBXFileReference; lastKnownFileType = file.storyboard; name = Base; path = Base.lproj/Main_iPhone.storyboard; sourceTree = "<group>"; };
		6EA44E1919F1852B0080E202 /* Base */ = {isa = PBXFileReference; lastKnownFileType = file.storyboard; name = Base; path = Base.lproj/Main_iPad.storyboard; sourceTree = "<group>"; };
		6EA44E1B19F1852B0080E202 /* ViewController.h */ = {isa = PBXFileReference; lastKnownFileType = sourcecode.c.h; path = ViewController.h; sourceTree = "<group>"; };
		6EA44E1C19F1852B0080E202 /* ViewController.m */ = {isa = PBXFileReference; lastKnownFileType = sourcecode.c.objc; path = ViewController.m; sourceTree = "<group>"; };
		6EA44E1E19F1852B0080E202 /* Images.xcassets */ = {isa = PBXFileReference; lastKnownFileType = folder.assetcatalog; path = Images.xcassets; sourceTree = "<group>"; };
		6EA44E2419F1852B0080E202 /* PJAssitiveTouchTests.xctest */ = {isa = PBXFileReference; explicitFileType = wrapper.cfbundle; includeInIndex = 0; path = PJAssitiveTouchTests.xctest; sourceTree = BUILT_PRODUCTS_DIR; };
		6EA44E2519F1852B0080E202 /* XCTest.framework */ = {isa = PBXFileReference; lastKnownFileType = wrapper.framework; name = XCTest.framework; path = Library/Frameworks/XCTest.framework; sourceTree = DEVELOPER_DIR; };
		6EA44E2D19F1852C0080E202 /* PJAssitiveTouchTests-Info.plist */ = {isa = PBXFileReference; lastKnownFileType = text.plist.xml; path = "PJAssitiveTouchTests-Info.plist"; sourceTree = "<group>"; };
		6EA44E2F19F1852C0080E202 /* en */ = {isa = PBXFileReference; lastKnownFileType = text.plist.strings; name = en; path = en.lproj/InfoPlist.strings; sourceTree = "<group>"; };
		6EA44E3119F1852C0080E202 /* PJAssitiveTouchTests.m */ = {isa = PBXFileReference; lastKnownFileType = sourcecode.c.objc; path = PJAssitiveTouchTests.m; sourceTree = "<group>"; };
		6EF7DBD619F2E22E00848330 /* PJAssistiveTouch.h */ = {isa = PBXFileReference; fileEncoding = 4; lastKnownFileType = sourcecode.c.h; path = PJAssistiveTouch.h; sourceTree = "<group>"; };
		6EF7DBD719F2E22E00848330 /* PJAssistiveTouch.m */ = {isa = PBXFileReference; fileEncoding = 4; lastKnownFileType = sourcecode.c.objc; path = PJAssistiveTouch.m; sourceTree = "<group>"; };
/* End PBXFileReference section */

/* Begin PBXFrameworksBuildPhase section */
		6EA44DFD19F1852B0080E202 /* Frameworks */ = {
			isa = PBXFrameworksBuildPhase;
			buildActionMask = 2147483647;
			files = (
				6EA44E0619F1852B0080E202 /* CoreGraphics.framework in Frameworks */,
				6EA44E0819F1852B0080E202 /* UIKit.framework in Frameworks */,
				6EA44E0419F1852B0080E202 /* Foundation.framework in Frameworks */,
			);
			runOnlyForDeploymentPostprocessing = 0;
		};
		6EA44E2119F1852B0080E202 /* Frameworks */ = {
			isa = PBXFrameworksBuildPhase;
			buildActionMask = 2147483647;
			files = (
				6EA44E2619F1852B0080E202 /* XCTest.framework in Frameworks */,
				6EA44E2819F1852C0080E202 /* UIKit.framework in Frameworks */,
				6EA44E2719F1852B0080E202 /* Foundation.framework in Frameworks */,
			);
			runOnlyForDeploymentPostprocessing = 0;
		};
/* End PBXFrameworksBuildPhase section */

/* Begin PBXGroup section */
		6EA44DF719F1852B0080E202 = {
			isa = PBXGroup;
			children = (
				6EA44E0919F1852B0080E202 /* PJAssitiveTouch */,
				6EA44E2B19F1852C0080E202 /* PJAssitiveTouchTests */,
				6EA44E0219F1852B0080E202 /* Frameworks */,
				6EA44E0119F1852B0080E202 /* Products */,
			);
			sourceTree = "<group>";
		};
		6EA44E0119F1852B0080E202 /* Products */ = {
			isa = PBXGroup;
			children = (
				6EA44E0019F1852B0080E202 /* PJAssitiveTouch.app */,
				6EA44E2419F1852B0080E202 /* PJAssitiveTouchTests.xctest */,
			);
			name = Products;
			sourceTree = "<group>";
		};
		6EA44E0219F1852B0080E202 /* Frameworks */ = {
			isa = PBXGroup;
			children = (
				6EA44E0319F1852B0080E202 /* Foundation.framework */,
				6EA44E0519F1852B0080E202 /* CoreGraphics.framework */,
				6EA44E0719F1852B0080E202 /* UIKit.framework */,
				6EA44E2519F1852B0080E202 /* XCTest.framework */,
			);
			name = Frameworks;
			sourceTree = "<group>";
		};
		6EA44E0919F1852B0080E202 /* PJAssitiveTouch */ = {
			isa = PBXGroup;
			children = (
				6EA44E1219F1852B0080E202 /* AppDelegate.h */,
				6EA44E1319F1852B0080E202 /* AppDelegate.m */,
				6EA44E1519F1852B0080E202 /* Main_iPhone.storyboard */,
				6EA44E1819F1852B0080E202 /* Main_iPad.storyboard */,
				6EA44E1B19F1852B0080E202 /* ViewController.h */,
				6EA44E1C19F1852B0080E202 /* ViewController.m */,
				6EA44E1E19F1852B0080E202 /* Images.xcassets */,
				6EA44E0A19F1852B0080E202 /* Supporting Files */,
				6EF7DBD619F2E22E00848330 /* PJAssistiveTouch.h */,
				6EF7DBD719F2E22E00848330 /* PJAssistiveTouch.m */,
			);
			path = PJAssitiveTouch;
			sourceTree = "<group>";
		};
		6EA44E0A19F1852B0080E202 /* Supporting Files */ = {
			isa = PBXGroup;
			children = (
				6EA44E0B19F1852B0080E202 /* PJAssitiveTouch-Info.plist */,
				6EA44E0C19F1852B0080E202 /* InfoPlist.strings */,
				6EA44E0F19F1852B0080E202 /* main.m */,
				6EA44E1119F1852B0080E202 /* PJAssitiveTouch-Prefix.pch */,
			);
			name = "Supporting Files";
			sourceTree = "<group>";
		};
		6EA44E2B19F1852C0080E202 /* PJAssitiveTouchTests */ = {
			isa = PBXGroup;
			children = (
				6EA44E3119F1852C0080E202 /* PJAssitiveTouchTests.m */,
				6EA44E2C19F1852C0080E202 /* Supporting Files */,
			);
			path = PJAssitiveTouchTests;
			sourceTree = "<group>";
		};
		6EA44E2C19F1852C0080E202 /* Supporting Files */ = {
			isa = PBXGroup;
			children = (
				6EA44E2D19F1852C0080E202 /* PJAssitiveTouchTests-Info.plist */,
				6EA44E2E19F1852C0080E202 /* InfoPlist.strings */,
			);
			name = "Supporting Files";
			sourceTree = "<group>";
		};
/* End PBXGroup section */

/* Begin PBXNativeTarget section */
		6EA44DFF19F1852B0080E202 /* PJAssitiveTouch */ = {
			isa = PBXNativeTarget;
			buildConfigurationList = 6EA44E3519F1852C0080E202 /* Build configuration list for PBXNativeTarget "PJAssitiveTouch" */;
			buildPhases = (
				6EA44DFC19F1852B0080E202 /* Sources */,
				6EA44DFD19F1852B0080E202 /* Frameworks */,
				6EA44DFE19F1852B0080E202 /* Resources */,
			);
			buildRules = (
			);
			dependencies = (
			);
			name = PJAssitiveTouch;
			productName = PJAssitiveTouch;
			productReference = 6EA44E0019F1852B0080E202 /* PJAssitiveTouch.app */;
			productType = "com.apple.product-type.application";
		};
		6EA44E2319F1852B0080E202 /* PJAssitiveTouchTests */ = {
			isa = PBXNativeTarget;
			buildConfigurationList = 6EA44E3819F1852C0080E202 /* Build configuration list for PBXNativeTarget "PJAssitiveTouchTests" */;
			buildPhases = (
				6EA44E2019F1852B0080E202 /* Sources */,
				6EA44E2119F1852B0080E202 /* Frameworks */,
				6EA44E2219F1852B0080E202 /* Resources */,
			);
			buildRules = (
			);
			dependencies = (
				6EA44E2A19F1852C0080E202 /* PBXTargetDependency */,
			);
			name = PJAssitiveTouchTests;
			productName = PJAssitiveTouchTests;
			productReference = 6EA44E2419F1852B0080E202 /* PJAssitiveTouchTests.xctest */;
			productType = "com.apple.product-type.bundle.unit-test";
		};
/* End PBXNativeTarget section */

/* Begin PBXProject section */
		6EA44DF819F1852B0080E202 /* Project object */ = {
			isa = PBXProject;
			attributes = {
				LastUpgradeCheck = 0510;
				ORGANIZATIONNAME = "Pritesh Jawale";
				TargetAttributes = {
					6EA44E2319F1852B0080E202 = {
						TestTargetID = 6EA44DFF19F1852B0080E202;
					};
				};
			};
			buildConfigurationList = 6EA44DFB19F1852B0080E202 /* Build configuration list for PBXProject "PJAssitiveTouch" */;
			compatibilityVersion = "Xcode 3.2";
			developmentRegion = English;
			hasScannedForEncodings = 0;
			knownRegions = (
				en,
				Base,
			);
			mainGroup = 6EA44DF719F1852B0080E202;
			productRefGroup = 6EA44E0119F1852B0080E202 /* Products */;
			projectDirPath = "";
			projectRoot = "";
			targets = (
				6EA44DFF19F1852B0080E202 /* PJAssitiveTouch */,
				6EA44E2319F1852B0080E202 /* PJAssitiveTouchTests */,
			);
		};
/* End PBXProject section */

/* Begin PBXResourcesBuildPhase section */
		6EA44DFE19F1852B0080E202 /* Resources */ = {
			isa = PBXResourcesBuildPhase;
			buildActionMask = 2147483647;
			files = (
				6EA44E1A19F1852B0080E202 /* Main_iPad.storyboard in Resources */,
				6EA44E1F19F1852B0080E202 /* Images.xcassets in Resources */,
				6EA44E1719F1852B0080E202 /* Main_iPhone.storyboard in Resources */,
				6EA44E0E19F1852B0080E202 /* InfoPlist.strings in Resources */,
			);
			runOnlyForDeploymentPostprocessing = 0;
		};
		6EA44E2219F1852B0080E202 /* Resources */ = {
			isa = PBXResourcesBuildPhase;
			buildActionMask = 2147483647;
			files = (
				6EA44E3019F1852C0080E202 /* InfoPlist.strings in Resources */,
			);
			runOnlyForDeploymentPostprocessing = 0;
		};
/* End PBXResourcesBuildPhase section */

/* Begin PBXSourcesBuildPhase section */
		6EA44DFC19F1852B0080E202 /* Sources */ = {
			isa = PBXSourcesBuildPhase;
			buildActionMask = 2147483647;
			files = (
				6EA44E1D19F1852B0080E202 /* ViewController.m in Sources */,
				6EF7DBD819F2E22E00848330 /* PJAssistiveTouch.m in Sources */,
				6EA44E1419F1852B0080E202 /* AppDelegate.m in Sources */,
				6EA44E1019F1852B0080E202 /* main.m in Sources */,
			);
			runOnlyForDeploymentPostprocessing = 0;
		};
		6EA44E2019F1852B0080E202 /* Sources */ = {
			isa = PBXSourcesBuildPhase;
			buildActionMask = 2147483647;
			files = (
				6EA44E3219F1852C0080E202 /* PJAssitiveTouchTests.m in Sources */,
			);
			runOnlyForDeploymentPostprocessing = 0;
		};
/* End PBXSourcesBuildPhase section */

/* Begin PBXTargetDependency section */
		6EA44E2A19F1852C0080E202 /* PBXTargetDependency */ = {
			isa = PBXTargetDependency;
			target = 6EA44DFF19F1852B0080E202 /* PJAssitiveTouch */;
			targetProxy = 6EA44E2919F1852C0080E202 /* PBXContainerItemProxy */;
		};
/* End PBXTargetDependency section */

/* Begin PBXVariantGroup section */
		6EA44E0C19F1852B0080E202 /* InfoPlist.strings */ = {
			isa = PBXVariantGroup;
			children = (
				6EA44E0D19F1852B0080E202 /* en */,
			);
			name = InfoPlist.strings;
			sourceTree = "<group>";
		};
		6EA44E1519F1852B0080E202 /* Main_iPhone.storyboard */ = {
			isa = PBXVariantGroup;
			children = (
				6EA44E1619F1852B0080E202 /* Base */,
			);
			name = Main_iPhone.storyboard;
			sourceTree = "<group>";
		};
		6EA44E1819F1852B0080E202 /* Main_iPad.storyboard */ = {
			isa = PBXVariantGroup;
			children = (
				6EA44E1919F1852B0080E202 /* Base */,
			);
			name = Main_iPad.storyboard;
			sourceTree = "<group>";
		};
		6EA44E2E19F1852C0080E202 /* InfoPlist.strings */ = {
			isa = PBXVariantGroup;
			children = (
				6EA44E2F19F1852C0080E202 /* en */,
			);
			name = InfoPlist.strings;
			sourceTree = "<group>";
		};
/* End PBXVariantGroup section */

/* Begin XCBuildConfiguration section */
		6EA44E3319F1852C0080E202 /* Debug */ = {
			isa = XCBuildConfiguration;
			buildSettings = {
				ALWAYS_SEARCH_USER_PATHS = NO;
				CLANG_CXX_LANGUAGE_STANDARD = "gnu++0x";
				CLANG_CXX_LIBRARY = "libc++";
				CLANG_ENABLE_MODULES = YES;
				CLANG_ENABLE_OBJC_ARC = YES;
				CLANG_WARN_BOOL_CONVERSION = YES;
				CLANG_WARN_CONSTANT_CONVERSION = YES;
				CLANG_WARN_DIRECT_OBJC_ISA_USAGE = YES_ERROR;
				CLANG_WARN_EMPTY_BODY = YES;
				CLANG_WARN_ENUM_CONVERSION = YES;
				CLANG_WARN_INT_CONVERSION = YES;
				CLANG_WARN_OBJC_ROOT_CLASS = YES_ERROR;
				CLANG_WARN__DUPLICATE_METHOD_MATCH = YES;
				"CODE_SIGN_IDENTITY[sdk=iphoneos*]" = "iPhone Developer";
				COPY_PHASE_STRIP = NO;
				GCC_C_LANGUAGE_STANDARD = gnu99;
				GCC_DYNAMIC_NO_PIC = NO;
				GCC_OPTIMIZATION_LEVEL = 0;
				GCC_PREPROCESSOR_DEFINITIONS = (
					"DEBUG=1",
					"$(inherited)",
				);
				GCC_SYMBOLS_PRIVATE_EXTERN = NO;
				GCC_WARN_64_TO_32_BIT_CONVERSION = YES;
				GCC_WARN_ABOUT_RETURN_TYPE = YES_ERROR;
				GCC_WARN_UNDECLARED_SELECTOR = YES;
				GCC_WARN_UNINITIALIZED_AUTOS = YES_AGGRESSIVE;
				GCC_WARN_UNUSED_FUNCTION = YES;
				GCC_WARN_UNUSED_VARIABLE = YES;
				IPHONEOS_DEPLOYMENT_TARGET = 7.1;
				ONLY_ACTIVE_ARCH = YES;
				SDKROOT = iphoneos;
				TARGETED_DEVICE_FAMILY = "1,2";
			};
			name = Debug;
		};
		6EA44E3419F1852C0080E202 /* Release */ = {
			isa = XCBuildConfiguration;
			buildSettings = {
				ALWAYS_SEARCH_USER_PATHS = NO;
				CLANG_CXX_LANGUAGE_STANDARD = "gnu++0x";
				CLANG_CXX_LIBRARY = "libc++";
				CLANG_ENABLE_MODULES = YES;
				CLANG_ENABLE_OBJC_ARC = YES;
				CLANG_WARN_BOOL_CONVERSION = YES;
				CLANG_WARN_CONSTANT_CONVERSION = YES;
				CLANG_WARN_DIRECT_OBJC_ISA_USAGE = YES_ERROR;
				CLANG_WARN_EMPTY_BODY = YES;
				CLANG_WARN_ENUM_CONVERSION = YES;
				CLANG_WARN_INT_CONVERSION = YES;
				CLANG_WARN_OBJC_ROOT_CLASS = YES_ERROR;
				CLANG_WARN__DUPLICATE_METHOD_MATCH = YES;
				"CODE_SIGN_IDENTITY[sdk=iphoneos*]" = "iPhone Developer";
				COPY_PHASE_STRIP = YES;
				ENABLE_NS_ASSERTIONS = NO;
				GCC_C_LANGUAGE_STANDARD = gnu99;
				GCC_WARN_64_TO_32_BIT_CONVERSION = YES;
				GCC_WARN_ABOUT_RETURN_TYPE = YES_ERROR;
				GCC_WARN_UNDECLARED_SELECTOR = YES;
				GCC_WARN_UNINITIALIZED_AUTOS = YES_AGGRESSIVE;
				GCC_WARN_UNUSED_FUNCTION = YES;
				GCC_WARN_UNUSED_VARIABLE = YES;
				IPHONEOS_DEPLOYMENT_TARGET = 7.1;
				SDKROOT = iphoneos;
				TARGETED_DEVICE_FAMILY = "1,2";
				VALIDATE_PRODUCT = YES;
			};
			name = Release;
		};
		6EA44E3619F1852C0080E202 /* Debug */ = {
			isa = XCBuildConfiguration;
			buildSettings = {
				ASSETCATALOG_COMPILER_APPICON_NAME = AppIcon;
				ASSETCATALOG_COMPILER_LAUNCHIMAGE_NAME = LaunchImage;
				GCC_PRECOMPILE_PREFIX_HEADER = YES;
				GCC_PREFIX_HEADER = "PJAssitiveTouch/PJAssitiveTouch-Prefix.pch";
				INFOPLIST_FILE = "PJAssitiveTouch/PJAssitiveTouch-Info.plist";
				PRODUCT_NAME = "$(TARGET_NAME)";
				WRAPPER_EXTENSION = app;
			};
			name = Debug;
		};
		6EA44E3719F1852C0080E202 /* Release */ = {
			isa = XCBuildConfiguration;
			buildSettings = {
				ASSETCATALOG_COMPILER_APPICON_NAME = AppIcon;
				ASSETCATALOG_COMPILER_LAUNCHIMAGE_NAME = LaunchImage;
				GCC_PRECOMPILE_PREFIX_HEADER = YES;
				GCC_PREFIX_HEADER = "PJAssitiveTouch/PJAssitiveTouch-Prefix.pch";
				INFOPLIST_FILE = "PJAssitiveTouch/PJAssitiveTouch-Info.plist";
				PRODUCT_NAME = "$(TARGET_NAME)";
				WRAPPER_EXTENSION = app;
			};
			name = Release;
		};
		6EA44E3919F1852C0080E202 /* Debug */ = {
			isa = XCBuildConfiguration;
			buildSettings = {
				BUNDLE_LOADER = "$(BUILT_PRODUCTS_DIR)/PJAssitiveTouch.app/PJAssitiveTouch";
				FRAMEWORK_SEARCH_PATHS = (
					"$(SDKROOT)/Developer/Library/Frameworks",
					"$(inherited)",
					"$(DEVELOPER_FRAMEWORKS_DIR)",
				);
				GCC_PRECOMPILE_PREFIX_HEADER = YES;
				GCC_PREFIX_HEADER = "PJAssitiveTouch/PJAssitiveTouch-Prefix.pch";
				GCC_PREPROCESSOR_DEFINITIONS = (
					"DEBUG=1",
					"$(inherited)",
				);
				INFOPLIST_FILE = "PJAssitiveTouchTests/PJAssitiveTouchTests-Info.plist";
				PRODUCT_NAME = "$(TARGET_NAME)";
				TEST_HOST = "$(BUNDLE_LOADER)";
				WRAPPER_EXTENSION = xctest;
			};
			name = Debug;
		};
		6EA44E3A19F1852C0080E202 /* Release */ = {
			isa = XCBuildConfiguration;
			buildSettings = {
				BUNDLE_LOADER = "$(BUILT_PRODUCTS_DIR)/PJAssitiveTouch.app/PJAssitiveTouch";
				FRAMEWORK_SEARCH_PATHS = (
					"$(SDKROOT)/Developer/Library/Frameworks",
					"$(inherited)",
					"$(DEVELOPER_FRAMEWORKS_DIR)",
				);
				GCC_PRECOMPILE_PREFIX_HEADER = YES;
				GCC_PREFIX_HEADER = "PJAssitiveTouch/PJAssitiveTouch-Prefix.pch";
				INFOPLIST_FILE = "PJAssitiveTouchTests/PJAssitiveTouchTests-Info.plist";
				PRODUCT_NAME = "$(TARGET_NAME)";
				TEST_HOST = "$(BUNDLE_LOADER)";
				WRAPPER_EXTENSION = xctest;
			};
			name = Release;
		};
/* End XCBuildConfiguration section */

/* Begin XCConfigurationList section */
		6EA44DFB19F1852B0080E202 /* Build configuration list for PBXProject "PJAssitiveTouch" */ = {
			isa = XCConfigurationList;
			buildConfigurations = (
				6EA44E3319F1852C0080E202 /* Debug */,
				6EA44E3419F1852C0080E202 /* Release */,
			);
			defaultConfigurationIsVisible = 0;
			defaultConfigurationName = Release;
		};
		6EA44E3519F1852C0080E202 /* Build configuration list for PBXNativeTarget "PJAssitiveTouch" */ = {
			isa = XCConfigurationList;
			buildConfigurations = (
				6EA44E3619F1852C0080E202 /* Debug */,
				6EA44E3719F1852C0080E202 /* Release */,
			);
			defaultConfigurationIsVisible = 0;
			defaultConfigurationName = Release;
		};
		6EA44E3819F1852C0080E202 /* Build configuration list for PBXNativeTarget "PJAssitiveTouchTests" */ = {
			isa = XCConfigurationList;
			buildConfigurations = (
				6EA44E3919F1852C0080E202 /* Debug */,
				6EA44E3A19F1852C0080E202 /* Release */,
			);
			defaultConfigurationIsVisible = 0;
			defaultConfigurationName = Release;
		};
/* End XCConfigurationList section */
	};
	rootObject = 6EA44DF819F1852B0080E202 /* Project object */;
}
